
Microsoft Visual Studio Solution File, Format Version 12.00
# Visual Studio Version 17
VisualStudioVersion = 17.2.32526.322
MinimumVisualStudioVersion = 10.0.40219.1
Project("{FAE04EC0-301F-11D3-BF4B-00C04F79EFBC}") = "NokenTest", "NokenTest\NokenTest.csproj", "{B4258DF1-E799-41E0-862B-AC565AF7F116}"
EndProject
Global
	GlobalSection(SolutionConfigurationPlatforms) = preSolution
		Debug|Any CPU = Debug|Any CPU
		Release|Any CPU = Release|Any CPU
	EndGlobalSection
	GlobalSection(ProjectConfigurationPlatforms) = postSolution
		{B4258DF1-E799-41E0-862B-AC565AF7F116}.Debug|Any CPU.ActiveCfg = Debug|Any CPU
		{B4258DF1-E799-41E0-862B-AC565AF7F116}.Debug|Any CPU.Build.0 = Debug|Any CPU
		{B4258DF1-E799-41E0-862B-AC565AF7F116}.Release|Any CPU.ActiveCfg = Release|Any CPU
		{B4258DF1-E799-41E0-862B-AC565AF7F116}.Release|Any CPU.Build.0 = Release|Any CPU
	EndGlobalSection
	GlobalSection(SolutionProperties) = preSolution
		HideSolutionNode = FALSE
	EndGlobalSection
	GlobalSection(ExtensibilityGlobals) = postSolution
		SolutionGuid = {4CEB6259-594A-42D1-B2E0-93D49471A6F4}
	EndGlobalSection
EndGlobal
